
Microsoft Visual Studio Solution File, Format Version 12.00
# Visual Studio Version 17
VisualStudioVersion = 17.4.33122.133
MinimumVisualStudioVersion = 10.0.40219.1
Project("{FAE04EC0-301F-11D3-BF4B-00C04F79EFBC}") = "LoggingSystem", "LoggingSystem\LoggingSystem.csproj", "{BB314E99-0F47-4A36-A8B2-8A3A28B59381}"
EndProject
Project("{FAE04EC0-301F-11D3-BF4B-00C04F79EFBC}") = "LoggingSystemTestsNETFramework", "LoggingSystemTestsNETFramework\LoggingSystemTestsNETFramework.csproj", "{A04D960C-F583-4E23-B83A-C4A738DE7F52}"
EndProject
Global
	GlobalSection(SolutionConfigurationPlatforms) = preSolution
		Debug|Any CPU = Debug|Any CPU
		Release|Any CPU = Release|Any CPU
	EndGlobalSection
	GlobalSection(ProjectConfigurationPlatforms) = postSolution
		{BB314E99-0F47-4A36-A8B2-8A3A28B59381}.Debug|Any CPU.ActiveCfg = Debug|Any CPU
		{BB314E99-0F47-4A36-A8B2-8A3A28B59381}.Debug|Any CPU.Build.0 = Debug|Any CPU
		{BB314E99-0F47-4A36-A8B2-8A3A28B59381}.Release|Any CPU.ActiveCfg = Release|Any CPU
		{BB314E99-0F47-4A36-A8B2-8A3A28B59381}.Release|Any CPU.Build.0 = Release|Any CPU
		{A04D960C-F583-4E23-B83A-C4A738DE7F52}.Debug|Any CPU.ActiveCfg = Debug|Any CPU
		{A04D960C-F583-4E23-B83A-C4A738DE7F52}.Debug|Any CPU.Build.0 = Debug|Any CPU
		{A04D960C-F583-4E23-B83A-C4A738DE7F52}.Release|Any CPU.ActiveCfg = Release|Any CPU
		{A04D960C-F583-4E23-B83A-C4A738DE7F52}.Release|Any CPU.Build.0 = Release|Any CPU
	EndGlobalSection
	GlobalSection(SolutionProperties) = preSolution
		HideSolutionNode = FALSE
	EndGlobalSection
	GlobalSection(ExtensibilityGlobals) = postSolution
		SolutionGuid = {A91414B6-5ADD-499D-AF5A-D333F22EFB7F}
	EndGlobalSection
EndGlobal
